
Microsoft Visual Studio Solution File, Format Version 12.00
# Visual Studio Version 16
VisualStudioVersion = 16.0.30011.22
MinimumVisualStudioVersion = 10.0.40219.1
Project("{9A19103F-16F7-4668-BE54-9A1E7A4F7556}") = "Johoot.Workshop.Api", "Johoot.Workshop.Api\Johoot.Workshop.Api.csproj", "{11278880-07B1-4521-AF58-412DF5D7537A}"
EndProject
Project("{9A19103F-16F7-4668-BE54-9A1E7A4F7556}") = "Johoot.Workshop.Share", "Johoot.Workshop.Share\Johoot.Workshop.Share.csproj", "{4CA97235-6B48-4885-BC7B-E3D0F39F745E}"
EndProject
Project("{9A19103F-16F7-4668-BE54-9A1E7A4F7556}") = "Johoot.Workshop.Infrastructure", "Johoot.Workshop.Infrastructure\Johoot.Workshop.Infrastructure.csproj", "{AC2AB02D-32C5-4D07-9797-EDA8FC8934E7}"
EndProject
Project("{9A19103F-16F7-4668-BE54-9A1E7A4F7556}") = "Johoot.Workshop.Infrastructure.Domain", "Johoot.Workshop.Infrastructure.Domain\Johoot.Workshop.Infrastructure.Domain.csproj", "{97D871FD-3548-4CA7-8D30-F2352496099A}"
EndProject
Project("{FAE04EC0-301F-11D3-BF4B-00C04F79EFBC}") = "Johoot.Workshop.UI", "Johoot.Workshop.UI\Johoot.Workshop.UI.csproj", "{999B0C8D-7EC2-41F3-AE6A-0A12183B5071}"
EndProject
Global
	GlobalSection(SolutionConfigurationPlatforms) = preSolution
		Debug|Any CPU = Debug|Any CPU
		Release|Any CPU = Release|Any CPU
	EndGlobalSection
	GlobalSection(ProjectConfigurationPlatforms) = postSolution
		{11278880-07B1-4521-AF58-412DF5D7537A}.Debug|Any CPU.ActiveCfg = Debug|Any CPU
		{11278880-07B1-4521-AF58-412DF5D7537A}.Debug|Any CPU.Build.0 = Debug|Any CPU
		{11278880-07B1-4521-AF58-412DF5D7537A}.Release|Any CPU.ActiveCfg = Release|Any CPU
		{11278880-07B1-4521-AF58-412DF5D7537A}.Release|Any CPU.Build.0 = Release|Any CPU
		{4CA97235-6B48-4885-BC7B-E3D0F39F745E}.Debug|Any CPU.ActiveCfg = Debug|Any CPU
		{4CA97235-6B48-4885-BC7B-E3D0F39F745E}.Debug|Any CPU.Build.0 = Debug|Any CPU
		{4CA97235-6B48-4885-BC7B-E3D0F39F745E}.Release|Any CPU.ActiveCfg = Release|Any CPU
		{4CA97235-6B48-4885-BC7B-E3D0F39F745E}.Release|Any CPU.Build.0 = Release|Any CPU
		{AC2AB02D-32C5-4D07-9797-EDA8FC8934E7}.Debug|Any CPU.ActiveCfg = Debug|Any CPU
		{AC2AB02D-32C5-4D07-9797-EDA8FC8934E7}.Debug|Any CPU.Build.0 = Debug|Any CPU
		{AC2AB02D-32C5-4D07-9797-EDA8FC8934E7}.Release|Any CPU.ActiveCfg = Release|Any CPU
		{AC2AB02D-32C5-4D07-9797-EDA8FC8934E7}.Release|Any CPU.Build.0 = Release|Any CPU
		{97D871FD-3548-4CA7-8D30-F2352496099A}.Debug|Any CPU.ActiveCfg = Debug|Any CPU
		{97D871FD-3548-4CA7-8D30-F2352496099A}.Debug|Any CPU.Build.0 = Debug|Any CPU
		{97D871FD-3548-4CA7-8D30-F2352496099A}.Release|Any CPU.ActiveCfg = Release|Any CPU
		{97D871FD-3548-4CA7-8D30-F2352496099A}.Release|Any CPU.Build.0 = Release|Any CPU
		{999B0C8D-7EC2-41F3-AE6A-0A12183B5071}.Debug|Any CPU.ActiveCfg = Debug|Any CPU
		{999B0C8D-7EC2-41F3-AE6A-0A12183B5071}.Debug|Any CPU.Build.0 = Debug|Any CPU
		{999B0C8D-7EC2-41F3-AE6A-0A12183B5071}.Release|Any CPU.ActiveCfg = Release|Any CPU
		{999B0C8D-7EC2-41F3-AE6A-0A12183B5071}.Release|Any CPU.Build.0 = Release|Any CPU
	EndGlobalSection
	GlobalSection(SolutionProperties) = preSolution
		HideSolutionNode = FALSE
	EndGlobalSection
	GlobalSection(ExtensibilityGlobals) = postSolution
		SolutionGuid = {248E4B44-402E-4F86-82D2-3D47AF076FDD}
	EndGlobalSection
EndGlobal
